
Microsoft Visual Studio Solution File, Format Version 12.00
# Visual Studio Version 16
VisualStudioVersion = 16.0.30804.86
MinimumVisualStudioVersion = 10.0.40219.1
Project("{FAE04EC0-301F-11D3-BF4B-00C04F79EFBC}") = "CyberpunkCybernetics", "CyberpunkCybernetics\CyberpunkCybernetics.csproj", "{91631837-4756-412A-AF13-611628508ED2}"
EndProject
Project("{2150E333-8FDC-42A3-9474-1A3956D46DE8}") = "Solution Items", "Solution Items", "{796F1B01-1DAE-40F5-AC79-DB7DAEBF2CB4}"
EndProject
Global
	GlobalSection(SolutionConfigurationPlatforms) = preSolution
		Debug|Any CPU = Debug|Any CPU
		Release|Any CPU = Release|Any CPU
	EndGlobalSection
	GlobalSection(ProjectConfigurationPlatforms) = postSolution
		{91631837-4756-412A-AF13-611628508ED2}.Debug|Any CPU.ActiveCfg = Debug|Any CPU
		{91631837-4756-412A-AF13-611628508ED2}.Debug|Any CPU.Build.0 = Debug|Any CPU
		{91631837-4756-412A-AF13-611628508ED2}.Release|Any CPU.ActiveCfg = Release|Any CPU
		{91631837-4756-412A-AF13-611628508ED2}.Release|Any CPU.Build.0 = Release|Any CPU
	EndGlobalSection
	GlobalSection(SolutionProperties) = preSolution
		HideSolutionNode = FALSE
	EndGlobalSection
	GlobalSection(ExtensibilityGlobals) = postSolution
		SolutionGuid = {09A83504-27F1-4EFC-8A72-67C76489AAA2}
	EndGlobalSection
EndGlobal
